
Microsoft Visual Studio Solution File, Format Version 12.00
# Visual Studio Version 16
VisualStudioVersion = 16.0.31402.337
MinimumVisualStudioVersion = 10.0.40219.1
Project("{FAE04EC0-301F-11D3-BF4B-00C04F79EFBC}") = "testeArtItApi", "testeArtItApi\testeArtItApi.csproj", "{844DF169-FD88-4FCB-9E61-6189D9CDA3D6}"
EndProject
Global
	GlobalSection(SolutionConfigurationPlatforms) = preSolution
		Debug|Any CPU = Debug|Any CPU
		Release|Any CPU = Release|Any CPU
	EndGlobalSection
	GlobalSection(ProjectConfigurationPlatforms) = postSolution
		{844DF169-FD88-4FCB-9E61-6189D9CDA3D6}.Debug|Any CPU.ActiveCfg = Debug|Any CPU
		{844DF169-FD88-4FCB-9E61-6189D9CDA3D6}.Debug|Any CPU.Build.0 = Debug|Any CPU
		{844DF169-FD88-4FCB-9E61-6189D9CDA3D6}.Release|Any CPU.ActiveCfg = Release|Any CPU
		{844DF169-FD88-4FCB-9E61-6189D9CDA3D6}.Release|Any CPU.Build.0 = Release|Any CPU
	EndGlobalSection
	GlobalSection(SolutionProperties) = preSolution
		HideSolutionNode = FALSE
	EndGlobalSection
	GlobalSection(ExtensibilityGlobals) = postSolution
		SolutionGuid = {6BA697E2-ECEC-48A7-8CF3-42745A3F79F8}
	EndGlobalSection
EndGlobal
